{
  "name": "react-native-interactive-image-library",
  "version": "1.0.0",
  "lockfileVersion": 1,
  "requires": true,
  "dependencies": {
    "@types/babel-core": {
      "version": "6.25.3",
      "resolved": "https://registry.npmjs.org/@types/babel-core/-/babel-core-6.25.3.tgz",
      "integrity": "sha512-OlUjfM+Qv+XwcaucEiekBIhfAYe4q4ruvQZZcCkOtQZ27Hykxm1LLY2s0mE6LtP9XQt6x+TUvS70KW2e8Mz0ZA==",
      "dev": true,
      "requires": {
        "@types/babel-generator": "6.25.1",
        "@types/babel-template": "6.25.0",
        "@types/babel-traverse": "6.25.2",
        "@types/babel-types": "6.25.1",
        "@types/babylon": "6.16.2"
      }
    },
    "@types/babel-generator": {
      "version": "6.25.1",
      "resolved": "https://registry.npmjs.org/@types/babel-generator/-/babel-generator-6.25.1.tgz",
      "integrity": "sha512-nKNz9Ch4WP2TFZjQROhxqqS2SCk0OoDzGazJI6S+2sGgW9P7N4o3vluZAXFuPEnRqtz2A0vrrkK3tjQktxIlRw==",
      "dev": true,
      "requires": {
        "@types/babel-types": "6.25.1"
      }
    },
    "@types/babel-template": {
      "version": "6.25.0",
      "resolved": "https://registry.npmjs.org/@types/babel-template/-/babel-template-6.25.0.tgz",
      "integrity": "sha512-TtyfVlrprX92xSuKa8D//7vFz5kBJODBw5IQ1hQXehqO+me26vt1fyNxOZyXhUq2a7jRyT72V8p68IyH4NEZNA==",
      "dev": true,
      "requires": {
        "@types/babel-types": "6.25.1",
        "@types/babylon": "6.16.2"
      }
    },
    "@types/babel-traverse": {
      "version": "6.25.2",
      "resolved": "https://registry.npmjs.org/@types/babel-traverse/-/babel-traverse-6.25.2.tgz",
      "integrity": "sha512-SO/YPiHOYApenZJecbw1Psd2lopAQ9Wc9HnFevEvM1mOoNXHglV8mHgVkCQJRIrn6UgWqHE/QfvQ1uG1crNgHA==",
      "dev": true,
      "requires": {
        "@types/babel-types": "6.25.1"
      }
    },
    "@types/babel-types": {
      "version": "6.25.1",
      "resolved": "https://registry.npmjs.org/@types/babel-types/-/babel-types-6.25.1.tgz",
      "integrity": "sha512-7Z6r20+HE0viAFhsW0d/UrC1K2tTlpXzGpNlYm8MmCv8z5PbAacFIshrM/MjlGRa5SBqxu2socpy8FHntwZKng==",
      "dev": true
    },
    "@types/babylon": {
      "version": "6.16.2",
      "resolved": "https://registry.npmjs.org/@types/babylon/-/babylon-6.16.2.tgz",
      "integrity": "sha512-+Jty46mPaWe1VAyZbfvgJM4BAdklLWxrT5tc/RjvCgLrtk6gzRY6AOnoWFv4p6hVxhJshDdr2hGVn56alBp97Q==",
      "dev": true,
      "requires": {
        "@types/babel-types": "6.25.1"
      }
    },
    "@types/jest": {
      "version": "21.1.6",
      "resolved": "https://registry.npmjs.org/@types/jest/-/jest-21.1.6.tgz",
      "integrity": "sha512-/qrwhjCeZ8vZy/TPXm56A3baMMUDPfUMkhOGZP3M7dgPCGPZSX/zSieM7jYPuhX3kMcMfsYuvsFIt23u7Ypu2g==",
      "dev": true
    },
    "@types/react": {
      "version": "16.0.22",
      "resolved": "https://registry.npmjs.org/@types/react/-/react-16.0.22.tgz",
      "integrity": "sha512-d8STysuhEgZ3MxMqY8PlTcUj2aJljBtQ+94SixlQdFgP3c5gh0fBBW5r73RxHuZqKohYvHb9nNbqGQfco7ReoQ==",
      "dev": true
    },
    "@types/react-test-renderer": {
      "version": "16.0.0",
      "resolved": "https://registry.npmjs.org/@types/react-test-renderer/-/react-test-renderer-16.0.0.tgz",
      "integrity": "sha512-tbuDajGYu8tEBAGVXZqh0Hmfm+pZA9P+4UfMIWTvzO4PA8yBbL2TCsZNSky+S74oAKy96Z/PBdDTj22iPMYqcQ==",
      "dev": true,
      "requires": {
        "@types/react": "16.0.22"
      }
    }
  }
}
